// !$*UTF8*$!
{
	archiveVersion = 1;
	classes = {
	};
	objectVersion = 52;
	objects = {

/* Begin PBXBuildFile section */
		4249B2A527A3FF2A00294D6F /* PianoWidgetPreferencePane.swift in Sources */ = {isa = PBXBuildFile; fileRef = 4249B2A327A3FF2A00294D6F /* PianoWidgetPreferencePane.swift */; };
		4249B2A627A3FF2A00294D6F /* PianoWidgetPreferencePane.xib in Resources */ = {isa = PBXBuildFile; fileRef = 4249B2A427A3FF2A00294D6F /* PianoWidgetPreferencePane.xib */; };
		42C7D32C2717657600AF4710 /* PockKit in Frameworks */ = {isa = PBXBuildFile; productRef = 42C7D32B2717657600AF4710 /* PockKit */; };
		42C7D32F2717659000AF4710 /* SnapKit in Frameworks */ = {isa = PBXBuildFile; productRef = 42C7D32E2717659000AF4710 /* SnapKit */; };
		42C7D33227185F9F00AF4710 /* PianoWidget.swift in Sources */ = {isa = PBXBuildFile; fileRef = 42C7D33127185F9F00AF4710 /* PianoWidget.swift */; };
		42C7D334271860A000AF4710 /* PianoView.swift in Sources */ = {isa = PBXBuildFile; fileRef = 42C7D333271860A000AF4710 /* PianoView.swift */; };
		42C7D3382718619400AF4710 /* PianoKey.swift in Sources */ = {isa = PBXBuildFile; fileRef = 42C7D3372718619400AF4710 /* PianoKey.swift */; };
		42C7D33B27187D3B00AF4710 /* NSColor.swift in Sources */ = {isa = PBXBuildFile; fileRef = 42C7D33A27187D3B00AF4710 /* NSColor.swift */; };
		42C7D33F2718D8AA00AF4710 /* AudioHelper.swift in Sources */ = {isa = PBXBuildFile; fileRef = 42C7D33E2718D8AA00AF4710 /* AudioHelper.swift */; };
		42EE7AD3271C6AE6006529D7 /* Preferences.swift in Sources */ = {isa = PBXBuildFile; fileRef = 42EE7AD2271C6AE6006529D7 /* Preferences.swift */; };
		42EE7AD6271C6B43006529D7 /* Defaults in Frameworks */ = {isa = PBXBuildFile; productRef = 42EE7AD5271C6B43006529D7 /* Defaults */; };
/* End PBXBuildFile section */

/* Begin PBXFileReference section */
		4249B2A327A3FF2A00294D6F /* PianoWidgetPreferencePane.swift */ = {isa = PBXFileReference; lastKnownFileType = sourcecode.swift; path = PianoWidgetPreferencePane.swift; sourceTree = "<group>"; };
		4249B2A427A3FF2A00294D6F /* PianoWidgetPreferencePane.xib */ = {isa = PBXFileReference; lastKnownFileType = file.xib; path = PianoWidgetPreferencePane.xib; sourceTree = "<group>"; };
		42C7D3212717655600AF4710 /* pock_piano_widget.pock */ = {isa = PBXFileReference; explicitFileType = wrapper.cfbundle; includeInIndex = 0; path = pock_piano_widget.pock; sourceTree = BUILT_PRODUCTS_DIR; };
		42C7D3242717655600AF4710 /* Info.plist */ = {isa = PBXFileReference; lastKnownFileType = text.plist.xml; path = Info.plist; sourceTree = "<group>"; };
		42C7D33027185F9E00AF4710 /* pock_piano_widget-Bridging-Header.h */ = {isa = PBXFileReference; lastKnownFileType = sourcecode.c.h; path = "pock_piano_widget-Bridging-Header.h"; sourceTree = "<group>"; };
		42C7D33127185F9F00AF4710 /* PianoWidget.swift */ = {isa = PBXFileReference; lastKnownFileType = sourcecode.swift; path = PianoWidget.swift; sourceTree = "<group>"; };
		42C7D333271860A000AF4710 /* PianoView.swift */ = {isa = PBXFileReference; lastKnownFileType = sourcecode.swift; path = PianoView.swift; sourceTree = "<group>"; };
		42C7D3372718619400AF4710 /* PianoKey.swift */ = {isa = PBXFileReference; lastKnownFileType = sourcecode.swift; path = PianoKey.swift; sourceTree = "<group>"; };
		42C7D33A27187D3B00AF4710 /* NSColor.swift */ = {isa = PBXFileReference; lastKnownFileType = sourcecode.swift; path = NSColor.swift; sourceTree = "<group>"; };
		42C7D33E2718D8AA00AF4710 /* AudioHelper.swift */ = {isa = PBXFileReference; lastKnownFileType = sourcecode.swift; path = AudioHelper.swift; sourceTree = "<group>"; };
		42EE7AD2271C6AE6006529D7 /* Preferences.swift */ = {isa = PBXFileReference; lastKnownFileType = sourcecode.swift; path = Preferences.swift; sourceTree = "<group>"; };
/* End PBXFileReference section */

/* Begin PBXFrameworksBuildPhase section */
		42C7D31E2717655600AF4710 /* Frameworks */ = {
			isa = PBXFrameworksBuildPhase;
			buildActionMask = 2147483647;
			files = (
				42EE7AD6271C6B43006529D7 /* Defaults in Frameworks */,
				42C7D32C2717657600AF4710 /* PockKit in Frameworks */,
				42C7D32F2717659000AF4710 /* SnapKit in Frameworks */,
			);
			runOnlyForDeploymentPostprocessing = 0;
		};
/* End PBXFrameworksBuildPhase section */

/* Begin PBXGroup section */
		4249B2A727A3FF3E00294D6F /* PianoWidgetPreferencePane */ = {
			isa = PBXGroup;
			children = (
				4249B2A327A3FF2A00294D6F /* PianoWidgetPreferencePane.swift */,
				4249B2A427A3FF2A00294D6F /* PianoWidgetPreferencePane.xib */,
			);
			path = PianoWidgetPreferencePane;
			sourceTree = "<group>";
		};
		42C7D3182717655600AF4710 = {
			isa = PBXGroup;
			children = (
				42C7D3232717655600AF4710 /* pock_piano_widget */,
				42C7D3222717655600AF4710 /* Products */,
			);
			sourceTree = "<group>";
		};
		42C7D3222717655600AF4710 /* Products */ = {
			isa = PBXGroup;
			children = (
				42C7D3212717655600AF4710 /* pock_piano_widget.pock */,
			);
			name = Products;
			sourceTree = "<group>";
		};
		42C7D3232717655600AF4710 /* pock_piano_widget */ = {
			isa = PBXGroup;
			children = (
				42C7D3242717655600AF4710 /* Info.plist */,
				42C7D33127185F9F00AF4710 /* PianoWidget.swift */,
				42C7D33E2718D8AA00AF4710 /* AudioHelper.swift */,
				42C7D335271860A500AF4710 /* View */,
				42C7D33927187D2C00AF4710 /* Extensions */,
				42EE7AD1271C6ABE006529D7 /* Preferences */,
				42C7D33027185F9E00AF4710 /* pock_piano_widget-Bridging-Header.h */,
			);
			path = pock_piano_widget;
			sourceTree = "<group>";
		};
		42C7D335271860A500AF4710 /* View */ = {
			isa = PBXGroup;
			children = (
				42C7D333271860A000AF4710 /* PianoView.swift */,
				42C7D3372718619400AF4710 /* PianoKey.swift */,
			);
			path = View;
			sourceTree = "<group>";
		};
		42C7D33927187D2C00AF4710 /* Extensions */ = {
			isa = PBXGroup;
			children = (
				42C7D33A27187D3B00AF4710 /* NSColor.swift */,
			);
			path = Extensions;
			sourceTree = "<group>";
		};
		42EE7AD1271C6ABE006529D7 /* Preferences */ = {
			isa = PBXGroup;
			children = (
				42EE7AD2271C6AE6006529D7 /* Preferences.swift */,
				4249B2A727A3FF3E00294D6F /* PianoWidgetPreferencePane */,
			);
			path = Preferences;
			sourceTree = "<group>";
		};
/* End PBXGroup section */

/* Begin PBXNativeTarget section */
		42C7D3202717655600AF4710 /* pock_piano_widget */ = {
			isa = PBXNativeTarget;
			buildConfigurationList = 42C7D3272717655600AF4710 /* Build configuration list for PBXNativeTarget "pock_piano_widget" */;
			buildPhases = (
				42C7D31D2717655600AF4710 /* Sources */,
				42C7D31E2717655600AF4710 /* Frameworks */,
				42C7D31F2717655600AF4710 /* Resources */,
				42C7D33D2718BE5C00AF4710 /* Run SwiftLint */,
				4249B2AA27A448BB00294D6F /* Debug Script */,
			);
			buildRules = (
			);
			dependencies = (
			);
			name = pock_piano_widget;
			packageProductDependencies = (
				42C7D32B2717657600AF4710 /* PockKit */,
				42C7D32E2717659000AF4710 /* SnapKit */,
				42EE7AD5271C6B43006529D7 /* Defaults */,
			);
			productName = pock_piano_widget;
			productReference = 42C7D3212717655600AF4710 /* pock_piano_widget.pock */;
			productType = "com.apple.product-type.bundle";
		};
/* End PBXNativeTarget section */

/* Begin PBXProject section */
		42C7D3192717655600AF4710 /* Project object */ = {
			isa = PBXProject;
			attributes = {
				LastUpgradeCheck = 1250;
				TargetAttributes = {
					42C7D3202717655600AF4710 = {
						CreatedOnToolsVersion = 12.5.1;
						LastSwiftMigration = 1250;
					};
				};
			};
			buildConfigurationList = 42C7D31C2717655600AF4710 /* Build configuration list for PBXProject "pock_piano_widget" */;
			compatibilityVersion = "Xcode 9.3";
			developmentRegion = en;
			hasScannedForEncodings = 0;
			knownRegions = (
				en,
				Base,
			);
			mainGroup = 42C7D3182717655600AF4710;
			packageReferences = (
				42C7D32A2717657600AF4710 /* XCRemoteSwiftPackageReference "pockkit" */,
				42C7D32D2717659000AF4710 /* XCRemoteSwiftPackageReference "SnapKit" */,
				42EE7AD4271C6B43006529D7 /* XCRemoteSwiftPackageReference "Defaults" */,
			);
			productRefGroup = 42C7D3222717655600AF4710 /* Products */;
			projectDirPath = "";
			projectRoot = "";
			targets = (
				42C7D3202717655600AF4710 /* pock_piano_widget */,
			);
		};
/* End PBXProject section */

/* Begin PBXResourcesBuildPhase section */
		42C7D31F2717655600AF4710 /* Resources */ = {
			isa = PBXResourcesBuildPhase;
			buildActionMask = 2147483647;
			files = (
				4249B2A627A3FF2A00294D6F /* PianoWidgetPreferencePane.xib in Resources */,
			);
			runOnlyForDeploymentPostprocessing = 0;
		};
/* End PBXResourcesBuildPhase section */

/* Begin PBXShellScriptBuildPhase section */
		4249B2AA27A448BB00294D6F /* Debug Script */ = {
			isa = PBXShellScriptBuildPhase;
			buildActionMask = 2147483647;
			files = (
			);
			inputFileListPaths = (
			);
			inputPaths = (
			);
			name = "Debug Script";
			outputFileListPaths = (
			);
			outputPaths = (
			);
			runOnlyForDeploymentPostprocessing = 0;
			shellPath = /bin/sh;
			shellScript = "if [ \"${CONFIGURATION}\" == \"Debug\" ]; then\n  echo \"Copying ${PRODUCT_NAME}.pock to destination folder\"\n  cp -r $TARGET_BUILD_DIR/$PRODUCT_NAME.pock ~/Library/Application\\ Support/Pock/Widgets/\n  pid=`pgrep Pock`\n  if [ -n \"$pid\" ]; then\n    echo \"Relaunch Pock.app\"\n    /Applications/Pock.app/Contents/Resources/Relaunch \"$pid\"\n  fi\nfi\n";
		};
		42C7D33D2718BE5C00AF4710 /* Run SwiftLint */ = {
			isa = PBXShellScriptBuildPhase;
			buildActionMask = 2147483647;
			files = (
			);
			inputFileListPaths = (
			);
			inputPaths = (
			);
			name = "Run SwiftLint";
			outputFileListPaths = (
			);
			outputPaths = (
			);
			runOnlyForDeploymentPostprocessing = 0;
			shellPath = /bin/sh;
			shellScript = "if which swiftlint >/dev/null; then\n  swiftlint --fix\n  swiftlint\nelse\n  echo \"warning: SwiftLint not installed, download from https://github.com/realm/SwiftLint\"\nfi\n";
		};
/* End PBXShellScriptBuildPhase section */

/* Begin PBXSourcesBuildPhase section */
		42C7D31D2717655600AF4710 /* Sources */ = {
			isa = PBXSourcesBuildPhase;
			buildActionMask = 2147483647;
			files = (
				42C7D33B27187D3B00AF4710 /* NSColor.swift in Sources */,
				42C7D334271860A000AF4710 /* PianoView.swift in Sources */,
				42EE7AD3271C6AE6006529D7 /* Preferences.swift in Sources */,
				4249B2A527A3FF2A00294D6F /* PianoWidgetPreferencePane.swift in Sources */,
				42C7D33F2718D8AA00AF4710 /* AudioHelper.swift in Sources */,
				42C7D33227185F9F00AF4710 /* PianoWidget.swift in Sources */,
				42C7D3382718619400AF4710 /* PianoKey.swift in Sources */,
			);
			runOnlyForDeploymentPostprocessing = 0;
		};
/* End PBXSourcesBuildPhase section */

/* Begin XCBuildConfiguration section */
		42C7D3252717655600AF4710 /* Debug */ = {
			isa = XCBuildConfiguration;
			buildSettings = {
				ALWAYS_SEARCH_USER_PATHS = NO;
				CLANG_ANALYZER_NONNULL = YES;
				CLANG_ANALYZER_NUMBER_OBJECT_CONVERSION = YES_AGGRESSIVE;
				CLANG_CXX_LANGUAGE_STANDARD = "gnu++14";
				CLANG_CXX_LIBRARY = "libc++";
				CLANG_ENABLE_MODULES = YES;
				CLANG_ENABLE_OBJC_ARC = YES;
				CLANG_ENABLE_OBJC_WEAK = YES;
				CLANG_WARN_BLOCK_CAPTURE_AUTORELEASING = YES;
				CLANG_WARN_BOOL_CONVERSION = YES;
				CLANG_WARN_COMMA = YES;
				CLANG_WARN_CONSTANT_CONVERSION = YES;
				CLANG_WARN_DEPRECATED_OBJC_IMPLEMENTATIONS = YES;
				CLANG_WARN_DIRECT_OBJC_ISA_USAGE = YES_ERROR;
				CLANG_WARN_DOCUMENTATION_COMMENTS = YES;
				CLANG_WARN_EMPTY_BODY = YES;
				CLANG_WARN_ENUM_CONVERSION = YES;
				CLANG_WARN_INFINITE_RECURSION = YES;
				CLANG_WARN_INT_CONVERSION = YES;
				CLANG_WARN_NON_LITERAL_NULL_CONVERSION = YES;
				CLANG_WARN_OBJC_IMPLICIT_RETAIN_SELF = YES;
				CLANG_WARN_OBJC_LITERAL_CONVERSION = YES;
				CLANG_WARN_OBJC_ROOT_CLASS = YES_ERROR;
				CLANG_WARN_QUOTED_INCLUDE_IN_FRAMEWORK_HEADER = YES;
				CLANG_WARN_RANGE_LOOP_ANALYSIS = YES;
				CLANG_WARN_STRICT_PROTOTYPES = YES;
				CLANG_WARN_SUSPICIOUS_MOVE = YES;
				CLANG_WARN_UNGUARDED_AVAILABILITY = YES_AGGRESSIVE;
				CLANG_WARN_UNREACHABLE_CODE = YES;
				CLANG_WARN__DUPLICATE_METHOD_MATCH = YES;
				COPY_PHASE_STRIP = NO;
				DEBUG_INFORMATION_FORMAT = dwarf;
				ENABLE_STRICT_OBJC_MSGSEND = YES;
				ENABLE_TESTABILITY = YES;
				GCC_C_LANGUAGE_STANDARD = gnu11;
				GCC_DYNAMIC_NO_PIC = NO;
				GCC_NO_COMMON_BLOCKS = YES;
				GCC_OPTIMIZATION_LEVEL = 0;
				GCC_PREPROCESSOR_DEFINITIONS = (
					"DEBUG=1",
					"$(inherited)",
				);
				GCC_WARN_64_TO_32_BIT_CONVERSION = YES;
				GCC_WARN_ABOUT_RETURN_TYPE = YES_ERROR;
				GCC_WARN_UNDECLARED_SELECTOR = YES;
				GCC_WARN_UNINITIALIZED_AUTOS = YES_AGGRESSIVE;
				GCC_WARN_UNUSED_FUNCTION = YES;
				GCC_WARN_UNUSED_VARIABLE = YES;
				MACOSX_DEPLOYMENT_TARGET = 11.3;
				MTL_ENABLE_DEBUG_INFO = INCLUDE_SOURCE;
				MTL_FAST_MATH = YES;
				ONLY_ACTIVE_ARCH = YES;
				SDKROOT = macosx;
			};
			name = Debug;
		};
		42C7D3262717655600AF4710 /* Release */ = {
			isa = XCBuildConfiguration;
			buildSettings = {
				ALWAYS_SEARCH_USER_PATHS = NO;
				CLANG_ANALYZER_NONNULL = YES;
				CLANG_ANALYZER_NUMBER_OBJECT_CONVERSION = YES_AGGRESSIVE;
				CLANG_CXX_LANGUAGE_STANDARD = "gnu++14";
				CLANG_CXX_LIBRARY = "libc++";
				CLANG_ENABLE_MODULES = YES;
				CLANG_ENABLE_OBJC_ARC = YES;
				CLANG_ENABLE_OBJC_WEAK = YES;
				CLANG_WARN_BLOCK_CAPTURE_AUTORELEASING = YES;
				CLANG_WARN_BOOL_CONVERSION = YES;
				CLANG_WARN_COMMA = YES;
				CLANG_WARN_CONSTANT_CONVERSION = YES;
				CLANG_WARN_DEPRECATED_OBJC_IMPLEMENTATIONS = YES;
				CLANG_WARN_DIRECT_OBJC_ISA_USAGE = YES_ERROR;
				CLANG_WARN_DOCUMENTATION_COMMENTS = YES;
				CLANG_WARN_EMPTY_BODY = YES;
				CLANG_WARN_ENUM_CONVERSION = YES;
				CLANG_WARN_INFINITE_RECURSION = YES;
				CLANG_WARN_INT_CONVERSION = YES;
				CLANG_WARN_NON_LITERAL_NULL_CONVERSION = YES;
				CLANG_WARN_OBJC_IMPLICIT_RETAIN_SELF = YES;
				CLANG_WARN_OBJC_LITERAL_CONVERSION = YES;
				CLANG_WARN_OBJC_ROOT_CLASS = YES_ERROR;
				CLANG_WARN_QUOTED_INCLUDE_IN_FRAMEWORK_HEADER = YES;
				CLANG_WARN_RANGE_LOOP_ANALYSIS = YES;
				CLANG_WARN_STRICT_PROTOTYPES = YES;
				CLANG_WARN_SUSPICIOUS_MOVE = YES;
				CLANG_WARN_UNGUARDED_AVAILABILITY = YES_AGGRESSIVE;
				CLANG_WARN_UNREACHABLE_CODE = YES;
				CLANG_WARN__DUPLICATE_METHOD_MATCH = YES;
				COPY_PHASE_STRIP = NO;
				DEBUG_INFORMATION_FORMAT = "dwarf-with-dsym";
				ENABLE_NS_ASSERTIONS = NO;
				ENABLE_STRICT_OBJC_MSGSEND = YES;
				GCC_C_LANGUAGE_STANDARD = gnu11;
				GCC_NO_COMMON_BLOCKS = YES;
				GCC_WARN_64_TO_32_BIT_CONVERSION = YES;
				GCC_WARN_ABOUT_RETURN_TYPE = YES_ERROR;
				GCC_WARN_UNDECLARED_SELECTOR = YES;
				GCC_WARN_UNINITIALIZED_AUTOS = YES_AGGRESSIVE;
				GCC_WARN_UNUSED_FUNCTION = YES;
				GCC_WARN_UNUSED_VARIABLE = YES;
				MACOSX_DEPLOYMENT_TARGET = 11.3;
				MTL_ENABLE_DEBUG_INFO = NO;
				MTL_FAST_MATH = YES;
				SDKROOT = macosx;
			};
			name = Release;
		};
		42C7D3282717655600AF4710 /* Debug */ = {
			isa = XCBuildConfiguration;
			buildSettings = {
				CLANG_ENABLE_MODULES = YES;
				CODE_SIGN_STYLE = Automatic;
				COMBINE_HIDPI_IMAGES = YES;
				DEVELOPMENT_TEAM = WLCQDVKTS9;
				INFOPLIST_FILE = pock_piano_widget/Info.plist;
				INSTALL_PATH = "$(LOCAL_LIBRARY_DIR)/Bundles";
				LD_RUNPATH_SEARCH_PATHS = (
					"$(inherited)",
					"@executable_path/../Frameworks",
					"@loader_path/../Frameworks",
				);
				PRODUCT_BUNDLE_IDENTIFIER = "com.p-x9.pock-piano-widget";
				PRODUCT_NAME = "$(TARGET_NAME)";
				SKIP_INSTALL = YES;
				SWIFT_OBJC_BRIDGING_HEADER = "pock_piano_widget/pock_piano_widget-Bridging-Header.h";
				SWIFT_OPTIMIZATION_LEVEL = "-Onone";
				SWIFT_VERSION = 5.0;
				WRAPPER_EXTENSION = pock;
			};
			name = Debug;
		};
		42C7D3292717655600AF4710 /* Release */ = {
			isa = XCBuildConfiguration;
			buildSettings = {
				CLANG_ENABLE_MODULES = YES;
				CODE_SIGN_STYLE = Automatic;
				COMBINE_HIDPI_IMAGES = YES;
				DEVELOPMENT_TEAM = WLCQDVKTS9;
				INFOPLIST_FILE = pock_piano_widget/Info.plist;
				INSTALL_PATH = "$(LOCAL_LIBRARY_DIR)/Bundles";
				LD_RUNPATH_SEARCH_PATHS = (
					"$(inherited)",
					"@executable_path/../Frameworks",
					"@loader_path/../Frameworks",
				);
				PRODUCT_BUNDLE_IDENTIFIER = "com.p-x9.pock-piano-widget";
				PRODUCT_NAME = "$(TARGET_NAME)";
				SKIP_INSTALL = YES;
				SWIFT_OBJC_BRIDGING_HEADER = "pock_piano_widget/pock_piano_widget-Bridging-Header.h";
				SWIFT_VERSION = 5.0;
				WRAPPER_EXTENSION = pock;
			};
			name = Release;
		};
/* End XCBuildConfiguration section */

/* Begin XCConfigurationList section */
		42C7D31C2717655600AF4710 /* Build configuration list for PBXProject "pock_piano_widget" */ = {
			isa = XCConfigurationList;
			buildConfigurations = (
				42C7D3252717655600AF4710 /* Debug */,
				42C7D3262717655600AF4710 /* Release */,
			);
			defaultConfigurationIsVisible = 0;
			defaultConfigurationName = Release;
		};
		42C7D3272717655600AF4710 /* Build configuration list for PBXNativeTarget "pock_piano_widget" */ = {
			isa = XCConfigurationList;
			buildConfigurations = (
				42C7D3282717655600AF4710 /* Debug */,
				42C7D3292717655600AF4710 /* Release */,
			);
			defaultConfigurationIsVisible = 0;
			defaultConfigurationName = Release;
		};
/* End XCConfigurationList section */

/* Begin XCRemoteSwiftPackageReference section */
		42C7D32A2717657600AF4710 /* XCRemoteSwiftPackageReference "pockkit" */ = {
			isa = XCRemoteSwiftPackageReference;
			repositoryURL = "https://github.com/pock/pockkit.git";
			requirement = {
				kind = upToNextMajorVersion;
				minimumVersion = 0.3.1;
			};
		};
		42C7D32D2717659000AF4710 /* XCRemoteSwiftPackageReference "SnapKit" */ = {
			isa = XCRemoteSwiftPackageReference;
			repositoryURL = "https://github.com/SnapKit/SnapKit.git";
			requirement = {
				kind = upToNextMajorVersion;
				minimumVersion = 5.0.1;
			};
		};
		42EE7AD4271C6B43006529D7 /* XCRemoteSwiftPackageReference "Defaults" */ = {
			isa = XCRemoteSwiftPackageReference;
			repositoryURL = "https://github.com/sindresorhus/Defaults.git";
			requirement = {
				kind = upToNextMajorVersion;
				minimumVersion = 5.0.0;
			};
		};
/* End XCRemoteSwiftPackageReference section */

/* Begin XCSwiftPackageProductDependency section */
		42C7D32B2717657600AF4710 /* PockKit */ = {
			isa = XCSwiftPackageProductDependency;
			package = 42C7D32A2717657600AF4710 /* XCRemoteSwiftPackageReference "pockkit" */;
			productName = PockKit;
		};
		42C7D32E2717659000AF4710 /* SnapKit */ = {
			isa = XCSwiftPackageProductDependency;
			package = 42C7D32D2717659000AF4710 /* XCRemoteSwiftPackageReference "SnapKit" */;
			productName = SnapKit;
		};
		42EE7AD5271C6B43006529D7 /* Defaults */ = {
			isa = XCSwiftPackageProductDependency;
			package = 42EE7AD4271C6B43006529D7 /* XCRemoteSwiftPackageReference "Defaults" */;
			productName = Defaults;
		};
/* End XCSwiftPackageProductDependency section */
	};
	rootObject = 42C7D3192717655600AF4710 /* Project object */;
}
